
Microsoft Visual Studio Solution File, Format Version 12.00
# Visual Studio Version 17
VisualStudioVersion = 17.5.002.0
MinimumVisualStudioVersion = 10.0.40219.1
Project("{9A19103F-16F7-4668-BE54-9A1E7A4F7556}") = "Sem1", "Sem1.csproj", "{09C95B23-4FC1-40FF-8BB4-51DA2925E156}"
EndProject
Global
	GlobalSection(SolutionConfigurationPlatforms) = preSolution
		Debug|Any CPU = Debug|Any CPU
		Release|Any CPU = Release|Any CPU
	EndGlobalSection
	GlobalSection(ProjectConfigurationPlatforms) = postSolution
		{09C95B23-4FC1-40FF-8BB4-51DA2925E156}.Debug|Any CPU.ActiveCfg = Debug|Any CPU
		{09C95B23-4FC1-40FF-8BB4-51DA2925E156}.Debug|Any CPU.Build.0 = Debug|Any CPU
		{09C95B23-4FC1-40FF-8BB4-51DA2925E156}.Release|Any CPU.ActiveCfg = Release|Any CPU
		{09C95B23-4FC1-40FF-8BB4-51DA2925E156}.Release|Any CPU.Build.0 = Release|Any CPU
	EndGlobalSection
	GlobalSection(SolutionProperties) = preSolution
		HideSolutionNode = FALSE
	EndGlobalSection
	GlobalSection(ExtensibilityGlobals) = postSolution
		SolutionGuid = {8713B885-3370-4DBB-9BA7-AE42456FA2B8}
	EndGlobalSection
EndGlobal
